
Microsoft Visual Studio Solution File, Format Version 12.00
# Visual Studio 15
Project("{FAE04EC0-301F-11D3-BF4B-00C04F79EFBC}") = "Assembly-CSharp", "Assembly-CSharp.csproj", "{47646C31-36F8-FAAD-49D4-A19129E3F6B7}"
EndProject
Project("{FAE04EC0-301F-11D3-BF4B-00C04F79EFBC}") = "PhotonVoice", "PhotonVoice.csproj", "{2F478FCA-0CAF-B471-2EA6-59C867760FA2}"
EndProject
Project("{FAE04EC0-301F-11D3-BF4B-00C04F79EFBC}") = "PhotonChat", "PhotonChat.csproj", "{5B2BD594-02C8-91D4-1BCA-C6FAA6569B41}"
EndProject
Project("{FAE04EC0-301F-11D3-BF4B-00C04F79EFBC}") = "PhotonUnityNetworking.Demos", "PhotonUnityNetworking.Demos.csproj", "{79A27B99-5698-565D-1138-9F44E0369962}"
EndProject
Project("{FAE04EC0-301F-11D3-BF4B-00C04F79EFBC}") = "PhotonVoice.API", "PhotonVoice.API.csproj", "{1C2655C6-FDA2-ED67-0E9F-8DFCC9363B35}"
EndProject
Project("{FAE04EC0-301F-11D3-BF4B-00C04F79EFBC}") = "PhotonRealtime", "PhotonRealtime.csproj", "{5F9B0600-2453-C9A2-A379-56822A6923CA}"
EndProject
Project("{FAE04EC0-301F-11D3-BF4B-00C04F79EFBC}") = "MicAmplifierEditor.Editor", "MicAmplifierEditor.Editor.csproj", "{3ACA3359-D417-2D94-AEFD-9268A7FBB7DC}"
EndProject
Project("{FAE04EC0-301F-11D3-BF4B-00C04F79EFBC}") = "PhotonUnityNetworking.Editor", "PhotonUnityNetworking.Editor.csproj", "{4B0CD5F6-67E8-C2B4-F2F0-422C76FC99DE}"
EndProject
Project("{FAE04EC0-301F-11D3-BF4B-00C04F79EFBC}") = "ParrelSync", "ParrelSync.csproj", "{D50BEE9B-9D81-9865-C118-5078D0FBA903}"
EndProject
Project("{FAE04EC0-301F-11D3-BF4B-00C04F79EFBC}") = "PhotonUnityNetworking", "PhotonUnityNetworking.csproj", "{82562E14-D8DD-6B67-21AE-15CFD900A83E}"
EndProject
Project("{FAE04EC0-301F-11D3-BF4B-00C04F79EFBC}") = "Voice.FMOD.Editor", "Voice.FMOD.Editor.csproj", "{AD192876-AEDC-6592-FDF9-62FA8E88FFDE}"
EndProject
Project("{FAE04EC0-301F-11D3-BF4B-00C04F79EFBC}") = "PhotonUnityNetworking.Utilities.PhotonPlayer.Editor", "PhotonUnityNetworking.Utilities.PhotonPlayer.Editor.csproj", "{8C71F56F-7F19-5D42-C688-20EB8A2EFFAE}"
EndProject
Project("{FAE04EC0-301F-11D3-BF4B-00C04F79EFBC}") = "PhotonVoice.PUN.Editor", "PhotonVoice.PUN.Editor.csproj", "{8E2A6808-02BF-FB71-813D-251337A651AC}"
EndProject
Project("{FAE04EC0-301F-11D3-BF4B-00C04F79EFBC}") = "PhotonVoice.Editor", "PhotonVoice.Editor.csproj", "{9150DB18-298B-6277-31FE-CAD63E59FFDF}"
EndProject
Project("{FAE04EC0-301F-11D3-BF4B-00C04F79EFBC}") = "PhotonUnityNetworking.Utilities", "PhotonUnityNetworking.Utilities.csproj", "{6A5D3AE0-5126-0BDC-5C86-2770D976572C}"
EndProject
Project("{FAE04EC0-301F-11D3-BF4B-00C04F79EFBC}") = "PhotonVoice.Utilities.Editor", "PhotonVoice.Utilities.Editor.csproj", "{662215FA-BCDF-1F13-5830-440E4EFAB40D}"
EndProject
Project("{FAE04EC0-301F-11D3-BF4B-00C04F79EFBC}") = "PunDemos.DemoSlotcarEditor", "PunDemos.DemoSlotcarEditor.csproj", "{15F4F76A-2309-7451-B8D4-8C9AB2AC0533}"
EndProject
Project("{FAE04EC0-301F-11D3-BF4B-00C04F79EFBC}") = "Assembly-CSharp-Editor", "Assembly-CSharp-Editor.csproj", "{346D5BD1-12F3-1AE1-C926-7425C80E3E84}"
EndProject
Project("{FAE04EC0-301F-11D3-BF4B-00C04F79EFBC}") = "PhotonVoice.PUN", "PhotonVoice.PUN.csproj", "{9044D9E6-93F5-716C-8A30-E8B453DFD424}"
EndProject
Project("{FAE04EC0-301F-11D3-BF4B-00C04F79EFBC}") = "PhotonUnityNetworking.Utilities.Culling.Editor", "PhotonUnityNetworking.Utilities.Culling.Editor.csproj", "{CD2AAFD7-C823-B89B-2435-F64AC035CCD3}"
EndProject
Project("{FAE04EC0-301F-11D3-BF4B-00C04F79EFBC}") = "PunDemos.DemoHubEditor", "PunDemos.DemoHubEditor.csproj", "{598F4E5C-E0DD-24E9-43DA-9F2E92F33BEE}"
EndProject
Global
	GlobalSection(SolutionConfigurationPlatforms) = preSolution
		Debug|Any CPU = Debug|Any CPU
		Release|Any CPU = Release|Any CPU
	EndGlobalSection
	GlobalSection(ProjectConfigurationPlatforms) = postSolution
		{47646C31-36F8-FAAD-49D4-A19129E3F6B7}.Debug|Any CPU.ActiveCfg = Debug|Any CPU
		{47646C31-36F8-FAAD-49D4-A19129E3F6B7}.Debug|Any CPU.Build.0 = Debug|Any CPU
		{47646C31-36F8-FAAD-49D4-A19129E3F6B7}.Release|Any CPU.ActiveCfg = Release|Any CPU
		{47646C31-36F8-FAAD-49D4-A19129E3F6B7}.Release|Any CPU.Build.0 = Release|Any CPU
		{2F478FCA-0CAF-B471-2EA6-59C867760FA2}.Debug|Any CPU.ActiveCfg = Debug|Any CPU
		{2F478FCA-0CAF-B471-2EA6-59C867760FA2}.Debug|Any CPU.Build.0 = Debug|Any CPU
		{2F478FCA-0CAF-B471-2EA6-59C867760FA2}.Release|Any CPU.ActiveCfg = Release|Any CPU
		{2F478FCA-0CAF-B471-2EA6-59C867760FA2}.Release|Any CPU.Build.0 = Release|Any CPU
		{5B2BD594-02C8-91D4-1BCA-C6FAA6569B41}.Debug|Any CPU.ActiveCfg = Debug|Any CPU
		{5B2BD594-02C8-91D4-1BCA-C6FAA6569B41}.Debug|Any CPU.Build.0 = Debug|Any CPU
		{5B2BD594-02C8-91D4-1BCA-C6FAA6569B41}.Release|Any CPU.ActiveCfg = Release|Any CPU
		{5B2BD594-02C8-91D4-1BCA-C6FAA6569B41}.Release|Any CPU.Build.0 = Release|Any CPU
		{79A27B99-5698-565D-1138-9F44E0369962}.Debug|Any CPU.ActiveCfg = Debug|Any CPU
		{79A27B99-5698-565D-1138-9F44E0369962}.Debug|Any CPU.Build.0 = Debug|Any CPU
		{79A27B99-5698-565D-1138-9F44E0369962}.Release|Any CPU.ActiveCfg = Release|Any CPU
		{79A27B99-5698-565D-1138-9F44E0369962}.Release|Any CPU.Build.0 = Release|Any CPU
		{1C2655C6-FDA2-ED67-0E9F-8DFCC9363B35}.Debug|Any CPU.ActiveCfg = Debug|Any CPU
		{1C2655C6-FDA2-ED67-0E9F-8DFCC9363B35}.Debug|Any CPU.Build.0 = Debug|Any CPU
		{1C2655C6-FDA2-ED67-0E9F-8DFCC9363B35}.Release|Any CPU.ActiveCfg = Release|Any CPU
		{1C2655C6-FDA2-ED67-0E9F-8DFCC9363B35}.Release|Any CPU.Build.0 = Release|Any CPU
		{5F9B0600-2453-C9A2-A379-56822A6923CA}.Debug|Any CPU.ActiveCfg = Debug|Any CPU
		{5F9B0600-2453-C9A2-A379-56822A6923CA}.Debug|Any CPU.Build.0 = Debug|Any CPU
		{5F9B0600-2453-C9A2-A379-56822A6923CA}.Release|Any CPU.ActiveCfg = Release|Any CPU
		{5F9B0600-2453-C9A2-A379-56822A6923CA}.Release|Any CPU.Build.0 = Release|Any CPU
		{3ACA3359-D417-2D94-AEFD-9268A7FBB7DC}.Debug|Any CPU.ActiveCfg = Debug|Any CPU
		{3ACA3359-D417-2D94-AEFD-9268A7FBB7DC}.Debug|Any CPU.Build.0 = Debug|Any CPU
		{3ACA3359-D417-2D94-AEFD-9268A7FBB7DC}.Release|Any CPU.ActiveCfg = Release|Any CPU
		{3ACA3359-D417-2D94-AEFD-9268A7FBB7DC}.Release|Any CPU.Build.0 = Release|Any CPU
		{4B0CD5F6-67E8-C2B4-F2F0-422C76FC99DE}.Debug|Any CPU.ActiveCfg = Debug|Any CPU
		{4B0CD5F6-67E8-C2B4-F2F0-422C76FC99DE}.Debug|Any CPU.Build.0 = Debug|Any CPU
		{4B0CD5F6-67E8-C2B4-F2F0-422C76FC99DE}.Release|Any CPU.ActiveCfg = Release|Any CPU
		{4B0CD5F6-67E8-C2B4-F2F0-422C76FC99DE}.Release|Any CPU.Build.0 = Release|Any CPU
		{D50BEE9B-9D81-9865-C118-5078D0FBA903}.Debug|Any CPU.ActiveCfg = Debug|Any CPU
		{D50BEE9B-9D81-9865-C118-5078D0FBA903}.Debug|Any CPU.Build.0 = Debug|Any CPU
		{D50BEE9B-9D81-9865-C118-5078D0FBA903}.Release|Any CPU.ActiveCfg = Release|Any CPU
		{D50BEE9B-9D81-9865-C118-5078D0FBA903}.Release|Any CPU.Build.0 = Release|Any CPU
		{82562E14-D8DD-6B67-21AE-15CFD900A83E}.Debug|Any CPU.ActiveCfg = Debug|Any CPU
		{82562E14-D8DD-6B67-21AE-15CFD900A83E}.Debug|Any CPU.Build.0 = Debug|Any CPU
		{82562E14-D8DD-6B67-21AE-15CFD900A83E}.Release|Any CPU.ActiveCfg = Release|Any CPU
		{82562E14-D8DD-6B67-21AE-15CFD900A83E}.Release|Any CPU.Build.0 = Release|Any CPU
		{AD192876-AEDC-6592-FDF9-62FA8E88FFDE}.Debug|Any CPU.ActiveCfg = Debug|Any CPU
		{AD192876-AEDC-6592-FDF9-62FA8E88FFDE}.Debug|Any CPU.Build.0 = Debug|Any CPU
		{AD192876-AEDC-6592-FDF9-62FA8E88FFDE}.Release|Any CPU.ActiveCfg = Release|Any CPU
		{AD192876-AEDC-6592-FDF9-62FA8E88FFDE}.Release|Any CPU.Build.0 = Release|Any CPU
		{8C71F56F-7F19-5D42-C688-20EB8A2EFFAE}.Debug|Any CPU.ActiveCfg = Debug|Any CPU
		{8C71F56F-7F19-5D42-C688-20EB8A2EFFAE}.Debug|Any CPU.Build.0 = Debug|Any CPU
		{8C71F56F-7F19-5D42-C688-20EB8A2EFFAE}.Release|Any CPU.ActiveCfg = Release|Any CPU
		{8C71F56F-7F19-5D42-C688-20EB8A2EFFAE}.Release|Any CPU.Build.0 = Release|Any CPU
		{8E2A6808-02BF-FB71-813D-251337A651AC}.Debug|Any CPU.ActiveCfg = Debug|Any CPU
		{8E2A6808-02BF-FB71-813D-251337A651AC}.Debug|Any CPU.Build.0 = Debug|Any CPU
		{8E2A6808-02BF-FB71-813D-251337A651AC}.Release|Any CPU.ActiveCfg = Release|Any CPU
		{8E2A6808-02BF-FB71-813D-251337A651AC}.Release|Any CPU.Build.0 = Release|Any CPU
		{9150DB18-298B-6277-31FE-CAD63E59FFDF}.Debug|Any CPU.ActiveCfg = Debug|Any CPU
		{9150DB18-298B-6277-31FE-CAD63E59FFDF}.Debug|Any CPU.Build.0 = Debug|Any CPU
		{9150DB18-298B-6277-31FE-CAD63E59FFDF}.Release|Any CPU.ActiveCfg = Release|Any CPU
		{9150DB18-298B-6277-31FE-CAD63E59FFDF}.Release|Any CPU.Build.0 = Release|Any CPU
		{6A5D3AE0-5126-0BDC-5C86-2770D976572C}.Debug|Any CPU.ActiveCfg = Debug|Any CPU
		{6A5D3AE0-5126-0BDC-5C86-2770D976572C}.Debug|Any CPU.Build.0 = Debug|Any CPU
		{6A5D3AE0-5126-0BDC-5C86-2770D976572C}.Release|Any CPU.ActiveCfg = Release|Any CPU
		{6A5D3AE0-5126-0BDC-5C86-2770D976572C}.Release|Any CPU.Build.0 = Release|Any CPU
		{662215FA-BCDF-1F13-5830-440E4EFAB40D}.Debug|Any CPU.ActiveCfg = Debug|Any CPU
		{662215FA-BCDF-1F13-5830-440E4EFAB40D}.Debug|Any CPU.Build.0 = Debug|Any CPU
		{662215FA-BCDF-1F13-5830-440E4EFAB40D}.Release|Any CPU.ActiveCfg = Release|Any CPU
		{662215FA-BCDF-1F13-5830-440E4EFAB40D}.Release|Any CPU.Build.0 = Release|Any CPU
		{15F4F76A-2309-7451-B8D4-8C9AB2AC0533}.Debug|Any CPU.ActiveCfg = Debug|Any CPU
		{15F4F76A-2309-7451-B8D4-8C9AB2AC0533}.Debug|Any CPU.Build.0 = Debug|Any CPU
		{15F4F76A-2309-7451-B8D4-8C9AB2AC0533}.Release|Any CPU.ActiveCfg = Release|Any CPU
		{15F4F76A-2309-7451-B8D4-8C9AB2AC0533}.Release|Any CPU.Build.0 = Release|Any CPU
		{346D5BD1-12F3-1AE1-C926-7425C80E3E84}.Debug|Any CPU.ActiveCfg = Debug|Any CPU
		{346D5BD1-12F3-1AE1-C926-7425C80E3E84}.Debug|Any CPU.Build.0 = Debug|Any CPU
		{346D5BD1-12F3-1AE1-C926-7425C80E3E84}.Release|Any CPU.ActiveCfg = Release|Any CPU
		{346D5BD1-12F3-1AE1-C926-7425C80E3E84}.Release|Any CPU.Build.0 = Release|Any CPU
		{9044D9E6-93F5-716C-8A30-E8B453DFD424}.Debug|Any CPU.ActiveCfg = Debug|Any CPU
		{9044D9E6-93F5-716C-8A30-E8B453DFD424}.Debug|Any CPU.Build.0 = Debug|Any CPU
		{9044D9E6-93F5-716C-8A30-E8B453DFD424}.Release|Any CPU.ActiveCfg = Release|Any CPU
		{9044D9E6-93F5-716C-8A30-E8B453DFD424}.Release|Any CPU.Build.0 = Release|Any CPU
		{CD2AAFD7-C823-B89B-2435-F64AC035CCD3}.Debug|Any CPU.ActiveCfg = Debug|Any CPU
		{CD2AAFD7-C823-B89B-2435-F64AC035CCD3}.Debug|Any CPU.Build.0 = Debug|Any CPU
		{CD2AAFD7-C823-B89B-2435-F64AC035CCD3}.Release|Any CPU.ActiveCfg = Release|Any CPU
		{CD2AAFD7-C823-B89B-2435-F64AC035CCD3}.Release|Any CPU.Build.0 = Release|Any CPU
		{598F4E5C-E0DD-24E9-43DA-9F2E92F33BEE}.Debug|Any CPU.ActiveCfg = Debug|Any CPU
		{598F4E5C-E0DD-24E9-43DA-9F2E92F33BEE}.Debug|Any CPU.Build.0 = Debug|Any CPU
		{598F4E5C-E0DD-24E9-43DA-9F2E92F33BEE}.Release|Any CPU.ActiveCfg = Release|Any CPU
		{598F4E5C-E0DD-24E9-43DA-9F2E92F33BEE}.Release|Any CPU.Build.0 = Release|Any CPU
	EndGlobalSection
	GlobalSection(SolutionProperties) = preSolution
		HideSolutionNode = FALSE
	EndGlobalSection
EndGlobal
